
Microsoft Visual Studio Solution File, Format Version 12.00
# Visual Studio 15
VisualStudioVersion = 15.0.28010.2050
MinimumVisualStudioVersion = 10.0.40219.1
Project("{8BC9CEB8-8B4A-11D0-8D11-00A0C91BC942}") = "GoogleTest", "GoogleTest\GoogleTest.vcxproj", "{9D7AFDD3-2D41-4ECF-B2A8-30CD39A2FAA3}"
EndProject
Project("{8BC9CEB8-8B4A-11D0-8D11-00A0C91BC942}") = "unittest_SimpleMath", "unittest_SimpleMath\unittest_SimpleMath.vcxproj", "{5FCB3F8E-CCEA-41B9-BF52-F9EC3813D6E8}"
	ProjectSection(ProjectDependencies) = postProject
		{9D7AFDD3-2D41-4ECF-B2A8-30CD39A2FAA3} = {9D7AFDD3-2D41-4ECF-B2A8-30CD39A2FAA3}
		{0E0D56F5-7B0F-47FB-976C-0E44A7441527} = {0E0D56F5-7B0F-47FB-976C-0E44A7441527}
	EndProjectSection
EndProject
Project("{8BC9CEB8-8B4A-11D0-8D11-00A0C91BC942}") = "SimpleMath", "SimpleMath\SimpleMath.vcxproj", "{0E0D56F5-7B0F-47FB-976C-0E44A7441527}"
EndProject
Global
	GlobalSection(SolutionConfigurationPlatforms) = preSolution
		Debug|x64 = Debug|x64
		Debug|x86 = Debug|x86
		Release|x64 = Release|x64
		Release|x86 = Release|x86
	EndGlobalSection
	GlobalSection(ProjectConfigurationPlatforms) = postSolution
		{9D7AFDD3-2D41-4ECF-B2A8-30CD39A2FAA3}.Debug|x64.ActiveCfg = Debug|x64
		{9D7AFDD3-2D41-4ECF-B2A8-30CD39A2FAA3}.Debug|x64.Build.0 = Debug|x64
		{9D7AFDD3-2D41-4ECF-B2A8-30CD39A2FAA3}.Debug|x86.ActiveCfg = Debug|Win32
		{9D7AFDD3-2D41-4ECF-B2A8-30CD39A2FAA3}.Debug|x86.Build.0 = Debug|Win32
		{9D7AFDD3-2D41-4ECF-B2A8-30CD39A2FAA3}.Release|x64.ActiveCfg = Release|x64
		{9D7AFDD3-2D41-4ECF-B2A8-30CD39A2FAA3}.Release|x64.Build.0 = Release|x64
		{9D7AFDD3-2D41-4ECF-B2A8-30CD39A2FAA3}.Release|x86.ActiveCfg = Release|Win32
		{9D7AFDD3-2D41-4ECF-B2A8-30CD39A2FAA3}.Release|x86.Build.0 = Release|Win32
		{5FCB3F8E-CCEA-41B9-BF52-F9EC3813D6E8}.Debug|x64.ActiveCfg = Debug|x64
		{5FCB3F8E-CCEA-41B9-BF52-F9EC3813D6E8}.Debug|x64.Build.0 = Debug|x64
		{5FCB3F8E-CCEA-41B9-BF52-F9EC3813D6E8}.Debug|x86.ActiveCfg = Debug|Win32
		{5FCB3F8E-CCEA-41B9-BF52-F9EC3813D6E8}.Debug|x86.Build.0 = Debug|Win32
		{5FCB3F8E-CCEA-41B9-BF52-F9EC3813D6E8}.Release|x64.ActiveCfg = Release|x64
		{5FCB3F8E-CCEA-41B9-BF52-F9EC3813D6E8}.Release|x64.Build.0 = Release|x64
		{5FCB3F8E-CCEA-41B9-BF52-F9EC3813D6E8}.Release|x86.ActiveCfg = Release|Win32
		{5FCB3F8E-CCEA-41B9-BF52-F9EC3813D6E8}.Release|x86.Build.0 = Release|Win32
		{0E0D56F5-7B0F-47FB-976C-0E44A7441527}.Debug|x64.ActiveCfg = Debug|x64
		{0E0D56F5-7B0F-47FB-976C-0E44A7441527}.Debug|x64.Build.0 = Debug|x64
		{0E0D56F5-7B0F-47FB-976C-0E44A7441527}.Debug|x86.ActiveCfg = Debug|Win32
		{0E0D56F5-7B0F-47FB-976C-0E44A7441527}.Debug|x86.Build.0 = Debug|Win32
		{0E0D56F5-7B0F-47FB-976C-0E44A7441527}.Release|x64.ActiveCfg = Release|x64
		{0E0D56F5-7B0F-47FB-976C-0E44A7441527}.Release|x64.Build.0 = Release|x64
		{0E0D56F5-7B0F-47FB-976C-0E44A7441527}.Release|x86.ActiveCfg = Release|Win32
		{0E0D56F5-7B0F-47FB-976C-0E44A7441527}.Release|x86.Build.0 = Release|Win32
	EndGlobalSection
	GlobalSection(SolutionProperties) = preSolution
		HideSolutionNode = FALSE
	EndGlobalSection
	GlobalSection(ExtensibilityGlobals) = postSolution
		SolutionGuid = {7EB7CDC2-AF04-47F8-950F-40AE04E961E4}
	EndGlobalSection
EndGlobal
